# This file is autogenerated, do not edit; changes may be undone by the next 'dep ensure'.


[[projects]]
  branch = "master"
  name = "github.com/fnproject/fdk-go"
  packages = [
    ".",
    "utils"
  ]
  revision = "1c783fe496250a3e27445273fb43cace6fd4ee2b"

[[projects]]
  name = "github.com/google/uuid"
  packages = ["."]
  revision = "d460ce9f8df2e77fb1ba55ca87fafed96c607494"
  version = "v1.0.0"

[solve-meta]
  analyzer-name = "dep"
  analyzer-version = 1
  inputs-digest = "d13f775b5f9b12a879f99f72a1436e49abdd7f89bd6d383fb71e87b19aeb7f77"
  solver-name = "gps-cdcl"
  solver-version = 1
